// !$*UTF8*$!
{
	archiveVersion = 1;
	classes = {
	};
	objectVersion = 56;
	objects = {

/* Begin PBXBuildFile section */
		C740E4FA6630C615D96C4E9F /* Pods_Alert_Animations.framework in Frameworks */ = {isa = PBXBuildFile; fileRef = BA68254FB01F444E00ADF79D /* Pods_Alert_Animations.framework */; };
		D01193A329A9627A00F7063B /* AppDelegate.swift in Sources */ = {isa = PBXBuildFile; fileRef = D01193A229A9627A00F7063B /* AppDelegate.swift */; };
		D01193A529A9627A00F7063B /* SceneDelegate.swift in Sources */ = {isa = PBXBuildFile; fileRef = D01193A429A9627A00F7063B /* SceneDelegate.swift */; };
		D01193A729A9627A00F7063B /* ViewController.swift in Sources */ = {isa = PBXBuildFile; fileRef = D01193A629A9627A00F7063B /* ViewController.swift */; };
		D01193AA29A9627A00F7063B /* Main.storyboard in Resources */ = {isa = PBXBuildFile; fileRef = D01193A829A9627A00F7063B /* Main.storyboard */; };
		D01193AC29A9627B00F7063B /* Assets.xcassets in Resources */ = {isa = PBXBuildFile; fileRef = D01193AB29A9627B00F7063B /* Assets.xcassets */; };
		D01193AF29A9627B00F7063B /* LaunchScreen.storyboard in Resources */ = {isa = PBXBuildFile; fileRef = D01193AD29A9627B00F7063B /* LaunchScreen.storyboard */; };
		D01193B929A96F6200F7063B /* ViewController2.swift in Sources */ = {isa = PBXBuildFile; fileRef = D01193B829A96F6200F7063B /* ViewController2.swift */; };
/* End PBXBuildFile section */

/* Begin PBXFileReference section */
		3D8AA0E20021AB1E12BF33AD /* Pods-Alert_Animations.debug.xcconfig */ = {isa = PBXFileReference; includeInIndex = 1; lastKnownFileType = text.xcconfig; name = "Pods-Alert_Animations.debug.xcconfig"; path = "Target Support Files/Pods-Alert_Animations/Pods-Alert_Animations.debug.xcconfig"; sourceTree = "<group>"; };
		BA68254FB01F444E00ADF79D /* Pods_Alert_Animations.framework */ = {isa = PBXFileReference; explicitFileType = wrapper.framework; includeInIndex = 0; path = Pods_Alert_Animations.framework; sourceTree = BUILT_PRODUCTS_DIR; };
		D011939F29A9627A00F7063B /* Alert_Animations.app */ = {isa = PBXFileReference; explicitFileType = wrapper.application; includeInIndex = 0; path = Alert_Animations.app; sourceTree = BUILT_PRODUCTS_DIR; };
		D01193A229A9627A00F7063B /* AppDelegate.swift */ = {isa = PBXFileReference; lastKnownFileType = sourcecode.swift; path = AppDelegate.swift; sourceTree = "<group>"; };
		D01193A429A9627A00F7063B /* SceneDelegate.swift */ = {isa = PBXFileReference; lastKnownFileType = sourcecode.swift; path = SceneDelegate.swift; sourceTree = "<group>"; };
		D01193A629A9627A00F7063B /* ViewController.swift */ = {isa = PBXFileReference; lastKnownFileType = sourcecode.swift; path = ViewController.swift; sourceTree = "<group>"; };
		D01193A929A9627A00F7063B /* Base */ = {isa = PBXFileReference; lastKnownFileType = file.storyboard; name = Base; path = Base.lproj/Main.storyboard; sourceTree = "<group>"; };
		D01193AB29A9627B00F7063B /* Assets.xcassets */ = {isa = PBXFileReference; lastKnownFileType = folder.assetcatalog; path = Assets.xcassets; sourceTree = "<group>"; };
		D01193AE29A9627B00F7063B /* Base */ = {isa = PBXFileReference; lastKnownFileType = file.storyboard; name = Base; path = Base.lproj/LaunchScreen.storyboard; sourceTree = "<group>"; };
		D01193B029A9627B00F7063B /* Info.plist */ = {isa = PBXFileReference; lastKnownFileType = text.plist.xml; path = Info.plist; sourceTree = "<group>"; };
		D01193B829A96F6200F7063B /* ViewController2.swift */ = {isa = PBXFileReference; lastKnownFileType = sourcecode.swift; path = ViewController2.swift; sourceTree = "<group>"; };
		F131EE90EB665601027DF8D5 /* Pods-Alert_Animations.release.xcconfig */ = {isa = PBXFileReference; includeInIndex = 1; lastKnownFileType = text.xcconfig; name = "Pods-Alert_Animations.release.xcconfig"; path = "Target Support Files/Pods-Alert_Animations/Pods-Alert_Animations.release.xcconfig"; sourceTree = "<group>"; };
/* End PBXFileReference section */

/* Begin PBXFrameworksBuildPhase section */
		D011939C29A9627A00F7063B /* Frameworks */ = {
			isa = PBXFrameworksBuildPhase;
			buildActionMask = 2147483647;
			files = (
				C740E4FA6630C615D96C4E9F /* Pods_Alert_Animations.framework in Frameworks */,
			);
			runOnlyForDeploymentPostprocessing = 0;
		};
/* End PBXFrameworksBuildPhase section */

/* Begin PBXGroup section */
		57DF20FAC9FFE2B937487059 /* Frameworks */ = {
			isa = PBXGroup;
			children = (
				BA68254FB01F444E00ADF79D /* Pods_Alert_Animations.framework */,
			);
			name = Frameworks;
			sourceTree = "<group>";
		};
		71FBA994D08C120DBB8F3980 /* Pods */ = {
			isa = PBXGroup;
			children = (
				3D8AA0E20021AB1E12BF33AD /* Pods-Alert_Animations.debug.xcconfig */,
				F131EE90EB665601027DF8D5 /* Pods-Alert_Animations.release.xcconfig */,
			);
			path = Pods;
			sourceTree = "<group>";
		};
		D011939629A9627A00F7063B = {
			isa = PBXGroup;
			children = (
				D01193A129A9627A00F7063B /* Alert_Animations */,
				D01193A029A9627A00F7063B /* Products */,
				71FBA994D08C120DBB8F3980 /* Pods */,
				57DF20FAC9FFE2B937487059 /* Frameworks */,
			);
			sourceTree = "<group>";
		};
		D01193A029A9627A00F7063B /* Products */ = {
			isa = PBXGroup;
			children = (
				D011939F29A9627A00F7063B /* Alert_Animations.app */,
			);
			name = Products;
			sourceTree = "<group>";
		};
		D01193A129A9627A00F7063B /* Alert_Animations */ = {
			isa = PBXGroup;
			children = (
				D01193A229A9627A00F7063B /* AppDelegate.swift */,
				D01193A429A9627A00F7063B /* SceneDelegate.swift */,
				D01193A629A9627A00F7063B /* ViewController.swift */,
				D01193B829A96F6200F7063B /* ViewController2.swift */,
				D01193A829A9627A00F7063B /* Main.storyboard */,
				D01193AB29A9627B00F7063B /* Assets.xcassets */,
				D01193AD29A9627B00F7063B /* LaunchScreen.storyboard */,
				D01193B029A9627B00F7063B /* Info.plist */,
			);
			path = Alert_Animations;
			sourceTree = "<group>";
		};
/* End PBXGroup section */

/* Begin PBXNativeTarget section */
		D011939E29A9627A00F7063B /* Alert_Animations */ = {
			isa = PBXNativeTarget;
			buildConfigurationList = D01193B329A9627B00F7063B /* Build configuration list for PBXNativeTarget "Alert_Animations" */;
			buildPhases = (
				C6E7EF19795088452E2B97D9 /* [CP] Check Pods Manifest.lock */,
				D011939B29A9627A00F7063B /* Sources */,
				D011939C29A9627A00F7063B /* Frameworks */,
				D011939D29A9627A00F7063B /* Resources */,
				765F6B144BF03BC2DD27992A /* [CP] Embed Pods Frameworks */,
			);
			buildRules = (
			);
			dependencies = (
			);
			name = Alert_Animations;
			productName = Alert_Animations;
			productReference = D011939F29A9627A00F7063B /* Alert_Animations.app */;
			productType = "com.apple.product-type.application";
		};
/* End PBXNativeTarget section */

/* Begin PBXProject section */
		D011939729A9627A00F7063B /* Project object */ = {
			isa = PBXProject;
			attributes = {
				BuildIndependentTargetsInParallel = 1;
				LastSwiftUpdateCheck = 1420;
				LastUpgradeCheck = 1420;
				TargetAttributes = {
					D011939E29A9627A00F7063B = {
						CreatedOnToolsVersion = 14.2;
					};
				};
			};
			buildConfigurationList = D011939A29A9627A00F7063B /* Build configuration list for PBXProject "Alert_Animations" */;
			compatibilityVersion = "Xcode 14.0";
			developmentRegion = en;
			hasScannedForEncodings = 0;
			knownRegions = (
				en,
				Base,
			);
			mainGroup = D011939629A9627A00F7063B;
			productRefGroup = D01193A029A9627A00F7063B /* Products */;
			projectDirPath = "";
			projectRoot = "";
			targets = (
				D011939E29A9627A00F7063B /* Alert_Animations */,
			);
		};
/* End PBXProject section */

/* Begin PBXResourcesBuildPhase section */
		D011939D29A9627A00F7063B /* Resources */ = {
			isa = PBXResourcesBuildPhase;
			buildActionMask = 2147483647;
			files = (
				D01193AF29A9627B00F7063B /* LaunchScreen.storyboard in Resources */,
				D01193AC29A9627B00F7063B /* Assets.xcassets in Resources */,
				D01193AA29A9627A00F7063B /* Main.storyboard in Resources */,
			);
			runOnlyForDeploymentPostprocessing = 0;
		};
/* End PBXResourcesBuildPhase section */

/* Begin PBXShellScriptBuildPhase section */
		765F6B144BF03BC2DD27992A /* [CP] Embed Pods Frameworks */ = {
			isa = PBXShellScriptBuildPhase;
			buildActionMask = 2147483647;
			files = (
			);
			inputFileListPaths = (
				"${PODS_ROOT}/Target Support Files/Pods-Alert_Animations/Pods-Alert_Animations-frameworks-${CONFIGURATION}-input-files.xcfilelist",
			);
			name = "[CP] Embed Pods Frameworks";
			outputFileListPaths = (
				"${PODS_ROOT}/Target Support Files/Pods-Alert_Animations/Pods-Alert_Animations-frameworks-${CONFIGURATION}-output-files.xcfilelist",
			);
			runOnlyForDeploymentPostprocessing = 0;
			shellPath = /bin/sh;
			shellScript = "\"${PODS_ROOT}/Target Support Files/Pods-Alert_Animations/Pods-Alert_Animations-frameworks.sh\"\n";
			showEnvVarsInLog = 0;
		};
		C6E7EF19795088452E2B97D9 /* [CP] Check Pods Manifest.lock */ = {
			isa = PBXShellScriptBuildPhase;
			buildActionMask = 2147483647;
			files = (
			);
			inputFileListPaths = (
			);
			inputPaths = (
				"${PODS_PODFILE_DIR_PATH}/Podfile.lock",
				"${PODS_ROOT}/Manifest.lock",
			);
			name = "[CP] Check Pods Manifest.lock";
			outputFileListPaths = (
			);
			outputPaths = (
				"$(DERIVED_FILE_DIR)/Pods-Alert_Animations-checkManifestLockResult.txt",
			);
			runOnlyForDeploymentPostprocessing = 0;
			shellPath = /bin/sh;
			shellScript = "diff \"${PODS_PODFILE_DIR_PATH}/Podfile.lock\" \"${PODS_ROOT}/Manifest.lock\" > /dev/null\nif [ $? != 0 ] ; then\n    # print error to STDERR\n    echo \"error: The sandbox is not in sync with the Podfile.lock. Run 'pod install' or update your CocoaPods installation.\" >&2\n    exit 1\nfi\n# This output is used by Xcode 'outputs' to avoid re-running this script phase.\necho \"SUCCESS\" > \"${SCRIPT_OUTPUT_FILE_0}\"\n";
			showEnvVarsInLog = 0;
		};
/* End PBXShellScriptBuildPhase section */

/* Begin PBXSourcesBuildPhase section */
		D011939B29A9627A00F7063B /* Sources */ = {
			isa = PBXSourcesBuildPhase;
			buildActionMask = 2147483647;
			files = (
				D01193A729A9627A00F7063B /* ViewController.swift in Sources */,
				D01193B929A96F6200F7063B /* ViewController2.swift in Sources */,
				D01193A329A9627A00F7063B /* AppDelegate.swift in Sources */,
				D01193A529A9627A00F7063B /* SceneDelegate.swift in Sources */,
			);
			runOnlyForDeploymentPostprocessing = 0;
		};
/* End PBXSourcesBuildPhase section */

/* Begin PBXVariantGroup section */
		D01193A829A9627A00F7063B /* Main.storyboard */ = {
			isa = PBXVariantGroup;
			children = (
				D01193A929A9627A00F7063B /* Base */,
			);
			name = Main.storyboard;
			sourceTree = "<group>";
		};
		D01193AD29A9627B00F7063B /* LaunchScreen.storyboard */ = {
			isa = PBXVariantGroup;
			children = (
				D01193AE29A9627B00F7063B /* Base */,
			);
			name = LaunchScreen.storyboard;
			sourceTree = "<group>";
		};
/* End PBXVariantGroup section */

/* Begin XCBuildConfiguration section */
		D01193B129A9627B00F7063B /* Debug */ = {
			isa = XCBuildConfiguration;
			buildSettings = {
				ALWAYS_SEARCH_USER_PATHS = NO;
				CLANG_ANALYZER_NONNULL = YES;
				CLANG_ANALYZER_NUMBER_OBJECT_CONVERSION = YES_AGGRESSIVE;
				CLANG_CXX_LANGUAGE_STANDARD = "gnu++20";
				CLANG_ENABLE_MODULES = YES;
				CLANG_ENABLE_OBJC_ARC = YES;
				CLANG_ENABLE_OBJC_WEAK = YES;
				CLANG_WARN_BLOCK_CAPTURE_AUTORELEASING = YES;
				CLANG_WARN_BOOL_CONVERSION = YES;
				CLANG_WARN_COMMA = YES;
				CLANG_WARN_CONSTANT_CONVERSION = YES;
				CLANG_WARN_DEPRECATED_OBJC_IMPLEMENTATIONS = YES;
				CLANG_WARN_DIRECT_OBJC_ISA_USAGE = YES_ERROR;
				CLANG_WARN_DOCUMENTATION_COMMENTS = YES;
				CLANG_WARN_EMPTY_BODY = YES;
				CLANG_WARN_ENUM_CONVERSION = YES;
				CLANG_WARN_INFINITE_RECURSION = YES;
				CLANG_WARN_INT_CONVERSION = YES;
				CLANG_WARN_NON_LITERAL_NULL_CONVERSION = YES;
				CLANG_WARN_OBJC_IMPLICIT_RETAIN_SELF = YES;
				CLANG_WARN_OBJC_LITERAL_CONVERSION = YES;
				CLANG_WARN_OBJC_ROOT_CLASS = YES_ERROR;
				CLANG_WARN_QUOTED_INCLUDE_IN_FRAMEWORK_HEADER = YES;
				CLANG_WARN_RANGE_LOOP_ANALYSIS = YES;
				CLANG_WARN_STRICT_PROTOTYPES = YES;
				CLANG_WARN_SUSPICIOUS_MOVE = YES;
				CLANG_WARN_UNGUARDED_AVAILABILITY = YES_AGGRESSIVE;
				CLANG_WARN_UNREACHABLE_CODE = YES;
				CLANG_WARN__DUPLICATE_METHOD_MATCH = YES;
				COPY_PHASE_STRIP = NO;
				DEBUG_INFORMATION_FORMAT = dwarf;
				ENABLE_STRICT_OBJC_MSGSEND = YES;
				ENABLE_TESTABILITY = YES;
				GCC_C_LANGUAGE_STANDARD = gnu11;
				GCC_DYNAMIC_NO_PIC = NO;
				GCC_NO_COMMON_BLOCKS = YES;
				GCC_OPTIMIZATION_LEVEL = 0;
				GCC_PREPROCESSOR_DEFINITIONS = (
					"DEBUG=1",
					"$(inherited)",
				);
				GCC_WARN_64_TO_32_BIT_CONVERSION = YES;
				GCC_WARN_ABOUT_RETURN_TYPE = YES_ERROR;
				GCC_WARN_UNDECLARED_SELECTOR = YES;
				GCC_WARN_UNINITIALIZED_AUTOS = YES_AGGRESSIVE;
				GCC_WARN_UNUSED_FUNCTION = YES;
				GCC_WARN_UNUSED_VARIABLE = YES;
				IPHONEOS_DEPLOYMENT_TARGET = 16.2;
				MTL_ENABLE_DEBUG_INFO = INCLUDE_SOURCE;
				MTL_FAST_MATH = YES;
				ONLY_ACTIVE_ARCH = YES;
				SDKROOT = iphoneos;
				SWIFT_ACTIVE_COMPILATION_CONDITIONS = DEBUG;
				SWIFT_OPTIMIZATION_LEVEL = "-Onone";
			};
			name = Debug;
		};
		D01193B229A9627B00F7063B /* Release */ = {
			isa = XCBuildConfiguration;
			buildSettings = {
				ALWAYS_SEARCH_USER_PATHS = NO;
				CLANG_ANALYZER_NONNULL = YES;
				CLANG_ANALYZER_NUMBER_OBJECT_CONVERSION = YES_AGGRESSIVE;
				CLANG_CXX_LANGUAGE_STANDARD = "gnu++20";
				CLANG_ENABLE_MODULES = YES;
				CLANG_ENABLE_OBJC_ARC = YES;
				CLANG_ENABLE_OBJC_WEAK = YES;
				CLANG_WARN_BLOCK_CAPTURE_AUTORELEASING = YES;
				CLANG_WARN_BOOL_CONVERSION = YES;
				CLANG_WARN_COMMA = YES;
				CLANG_WARN_CONSTANT_CONVERSION = YES;
				CLANG_WARN_DEPRECATED_OBJC_IMPLEMENTATIONS = YES;
				CLANG_WARN_DIRECT_OBJC_ISA_USAGE = YES_ERROR;
				CLANG_WARN_DOCUMENTATION_COMMENTS = YES;
				CLANG_WARN_EMPTY_BODY = YES;
				CLANG_WARN_ENUM_CONVERSION = YES;
				CLANG_WARN_INFINITE_RECURSION = YES;
				CLANG_WARN_INT_CONVERSION = YES;
				CLANG_WARN_NON_LITERAL_NULL_CONVERSION = YES;
				CLANG_WARN_OBJC_IMPLICIT_RETAIN_SELF = YES;
				CLANG_WARN_OBJC_LITERAL_CONVERSION = YES;
				CLANG_WARN_OBJC_ROOT_CLASS = YES_ERROR;
				CLANG_WARN_QUOTED_INCLUDE_IN_FRAMEWORK_HEADER = YES;
				CLANG_WARN_RANGE_LOOP_ANALYSIS = YES;
				CLANG_WARN_STRICT_PROTOTYPES = YES;
				CLANG_WARN_SUSPICIOUS_MOVE = YES;
				CLANG_WARN_UNGUARDED_AVAILABILITY = YES_AGGRESSIVE;
				CLANG_WARN_UNREACHABLE_CODE = YES;
				CLANG_WARN__DUPLICATE_METHOD_MATCH = YES;
				COPY_PHASE_STRIP = NO;
				DEBUG_INFORMATION_FORMAT = "dwarf-with-dsym";
				ENABLE_NS_ASSERTIONS = NO;
				ENABLE_STRICT_OBJC_MSGSEND = YES;
				GCC_C_LANGUAGE_STANDARD = gnu11;
				GCC_NO_COMMON_BLOCKS = YES;
				GCC_WARN_64_TO_32_BIT_CONVERSION = YES;
				GCC_WARN_ABOUT_RETURN_TYPE = YES_ERROR;
				GCC_WARN_UNDECLARED_SELECTOR = YES;
				GCC_WARN_UNINITIALIZED_AUTOS = YES_AGGRESSIVE;
				GCC_WARN_UNUSED_FUNCTION = YES;
				GCC_WARN_UNUSED_VARIABLE = YES;
				IPHONEOS_DEPLOYMENT_TARGET = 16.2;
				MTL_ENABLE_DEBUG_INFO = NO;
				MTL_FAST_MATH = YES;
				SDKROOT = iphoneos;
				SWIFT_COMPILATION_MODE = wholemodule;
				SWIFT_OPTIMIZATION_LEVEL = "-O";
				VALIDATE_PRODUCT = YES;
			};
			name = Release;
		};
		D01193B429A9627B00F7063B /* Debug */ = {
			isa = XCBuildConfiguration;
			baseConfigurationReference = 3D8AA0E20021AB1E12BF33AD /* Pods-Alert_Animations.debug.xcconfig */;
			buildSettings = {
				ASSETCATALOG_COMPILER_APPICON_NAME = AppIcon;
				ASSETCATALOG_COMPILER_GLOBAL_ACCENT_COLOR_NAME = AccentColor;
				CODE_SIGN_STYLE = Automatic;
				CURRENT_PROJECT_VERSION = 1;
				DEVELOPMENT_TEAM = 52Z33CLRP3;
				GENERATE_INFOPLIST_FILE = YES;
				INFOPLIST_FILE = Alert_Animations/Info.plist;
				INFOPLIST_KEY_UIApplicationSupportsIndirectInputEvents = YES;
				INFOPLIST_KEY_UILaunchStoryboardName = LaunchScreen;
				INFOPLIST_KEY_UIMainStoryboardFile = Main;
				INFOPLIST_KEY_UISupportedInterfaceOrientations_iPad = "UIInterfaceOrientationPortrait UIInterfaceOrientationPortraitUpsideDown UIInterfaceOrientationLandscapeLeft UIInterfaceOrientationLandscapeRight";
				INFOPLIST_KEY_UISupportedInterfaceOrientations_iPhone = "UIInterfaceOrientationPortrait UIInterfaceOrientationLandscapeLeft UIInterfaceOrientationLandscapeRight";
				IPHONEOS_DEPLOYMENT_TARGET = 15.1;
				LD_RUNPATH_SEARCH_PATHS = (
					"$(inherited)",
					"@executable_path/Frameworks",
				);
				MARKETING_VERSION = 1.0;
				PRODUCT_BUNDLE_IDENTIFIER = "com.a1PDL.PDLNEW.Alert-Animations";
				PRODUCT_NAME = "$(TARGET_NAME)";
				SWIFT_EMIT_LOC_STRINGS = YES;
				SWIFT_VERSION = 5.0;
				TARGETED_DEVICE_FAMILY = "1,2";
			};
			name = Debug;
		};
		D01193B529A9627B00F7063B /* Release */ = {
			isa = XCBuildConfiguration;
			baseConfigurationReference = F131EE90EB665601027DF8D5 /* Pods-Alert_Animations.release.xcconfig */;
			buildSettings = {
				ASSETCATALOG_COMPILER_APPICON_NAME = AppIcon;
				ASSETCATALOG_COMPILER_GLOBAL_ACCENT_COLOR_NAME = AccentColor;
				CODE_SIGN_STYLE = Automatic;
				CURRENT_PROJECT_VERSION = 1;
				DEVELOPMENT_TEAM = 52Z33CLRP3;
				GENERATE_INFOPLIST_FILE = YES;
				INFOPLIST_FILE = Alert_Animations/Info.plist;
				INFOPLIST_KEY_UIApplicationSupportsIndirectInputEvents = YES;
				INFOPLIST_KEY_UILaunchStoryboardName = LaunchScreen;
				INFOPLIST_KEY_UIMainStoryboardFile = Main;
				INFOPLIST_KEY_UISupportedInterfaceOrientations_iPad = "UIInterfaceOrientationPortrait UIInterfaceOrientationPortraitUpsideDown UIInterfaceOrientationLandscapeLeft UIInterfaceOrientationLandscapeRight";
				INFOPLIST_KEY_UISupportedInterfaceOrientations_iPhone = "UIInterfaceOrientationPortrait UIInterfaceOrientationLandscapeLeft UIInterfaceOrientationLandscapeRight";
				IPHONEOS_DEPLOYMENT_TARGET = 15.1;
				LD_RUNPATH_SEARCH_PATHS = (
					"$(inherited)",
					"@executable_path/Frameworks",
				);
				MARKETING_VERSION = 1.0;
				PRODUCT_BUNDLE_IDENTIFIER = "com.a1PDL.PDLNEW.Alert-Animations";
				PRODUCT_NAME = "$(TARGET_NAME)";
				SWIFT_EMIT_LOC_STRINGS = YES;
				SWIFT_VERSION = 5.0;
				TARGETED_DEVICE_FAMILY = "1,2";
			};
			name = Release;
		};
/* End XCBuildConfiguration section */

/* Begin XCConfigurationList section */
		D011939A29A9627A00F7063B /* Build configuration list for PBXProject "Alert_Animations" */ = {
			isa = XCConfigurationList;
			buildConfigurations = (
				D01193B129A9627B00F7063B /* Debug */,
				D01193B229A9627B00F7063B /* Release */,
			);
			defaultConfigurationIsVisible = 0;
			defaultConfigurationName = Release;
		};
		D01193B329A9627B00F7063B /* Build configuration list for PBXNativeTarget "Alert_Animations" */ = {
			isa = XCConfigurationList;
			buildConfigurations = (
				D01193B429A9627B00F7063B /* Debug */,
				D01193B529A9627B00F7063B /* Release */,
			);
			defaultConfigurationIsVisible = 0;
			defaultConfigurationName = Release;
		};
/* End XCConfigurationList section */
	};
	rootObject = D011939729A9627A00F7063B /* Project object */;
}
